// !$*UTF8*$!
{
	archiveVersion = 1;
	classes = {
	};
	objectVersion = 50;
	objects = {

/* Begin PBXBuildFile section */
		188855EF2143FEC8000393EA /* Tools.swift in Sources */ = {isa = PBXBuildFile; fileRef = 188855EE2143FEC8000393EA /* Tools.swift */; };
		1B157C2922914DF100345E4B /* Localizable.strings in Resources */ = {isa = PBXBuildFile; fileRef = 1B157C2722914DF100345E4B /* Localizable.strings */; };
		1B2F6A6621368B3100835C3A /* AlertController.swift in Sources */ = {isa = PBXBuildFile; fileRef = 1B2F6A6521368B3100835C3A /* AlertController.swift */; };
		1B3311E52147DFBC00506FE6 /* Average+CoreDataClass.swift in Sources */ = {isa = PBXBuildFile; fileRef = 1B3311E32147DFBC00506FE6 /* Average+CoreDataClass.swift */; };
		1B3311E62147DFBC00506FE6 /* Average+CoreDataProperties.swift in Sources */ = {isa = PBXBuildFile; fileRef = 1B3311E42147DFBC00506FE6 /* Average+CoreDataProperties.swift */; };
		1B50E7C0215627BA00C03338 /* CaculateTheSavingMoney.swift in Sources */ = {isa = PBXBuildFile; fileRef = 1B50E7BD215627B900C03338 /* CaculateTheSavingMoney.swift */; };
		1B50E7C1215627BA00C03338 /* PerYearSavingMoney.swift in Sources */ = {isa = PBXBuildFile; fileRef = 1B50E7BE215627B900C03338 /* PerYearSavingMoney.swift */; };
		1B50E7C2215627BA00C03338 /* SavingMoney.swift in Sources */ = {isa = PBXBuildFile; fileRef = 1B50E7BF215627B900C03338 /* SavingMoney.swift */; };
		1B561B2D213160B8005C4374 /* TotalResultViewController.swift in Sources */ = {isa = PBXBuildFile; fileRef = 1B561B2C213160B8005C4374 /* TotalResultViewController.swift */; };
		1B74A7DF2135313700FC7C40 /* DetailViewController.swift in Sources */ = {isa = PBXBuildFile; fileRef = 1B74A7DE2135313700FC7C40 /* DetailViewController.swift */; };
		1B74A7E12135371E00FC7C40 /* DetailTableViewCell.swift in Sources */ = {isa = PBXBuildFile; fileRef = 1B74A7E02135371E00FC7C40 /* DetailTableViewCell.swift */; };
		1B74A7E42135590A00FC7C40 /* SavingMoneyPlanning.xcdatamodeld in Sources */ = {isa = PBXBuildFile; fileRef = 1B74A7E22135590A00FC7C40 /* SavingMoneyPlanning.xcdatamodeld */; };
		1B74A7EA21355A7D00FC7C40 /* PersitenceService.swift in Sources */ = {isa = PBXBuildFile; fileRef = 1B74A7E921355A7D00FC7C40 /* PersitenceService.swift */; };
		1BA95610212FF28300DB2419 /* AppDelegate.swift in Sources */ = {isa = PBXBuildFile; fileRef = 1BA9560F212FF28300DB2419 /* AppDelegate.swift */; };
		1BA95612212FF28300DB2419 /* InputViewController.swift in Sources */ = {isa = PBXBuildFile; fileRef = 1BA95611212FF28300DB2419 /* InputViewController.swift */; };
		1BA95615212FF28300DB2419 /* Main.storyboard in Resources */ = {isa = PBXBuildFile; fileRef = 1BA95613212FF28300DB2419 /* Main.storyboard */; };
		1BA9561A212FF28400DB2419 /* Assets.xcassets in Resources */ = {isa = PBXBuildFile; fileRef = 1BA95619212FF28400DB2419 /* Assets.xcassets */; };
		1BA9561D212FF28400DB2419 /* LaunchScreen.storyboard in Resources */ = {isa = PBXBuildFile; fileRef = 1BA9561B212FF28400DB2419 /* LaunchScreen.storyboard */; };
		C9BA43AAB28112B362A9E7FB /* Pods_SavingMoneyPlanning.framework in Frameworks */ = {isa = PBXBuildFile; fileRef = BB5F61E195C418F7EE22BF38 /* Pods_SavingMoneyPlanning.framework */; };
/* End PBXBuildFile section */

/* Begin PBXFileReference section */
		188855EE2143FEC8000393EA /* Tools.swift */ = {isa = PBXFileReference; lastKnownFileType = sourcecode.swift; path = Tools.swift; sourceTree = "<group>"; };
		1B157C2622914DB500345E4B /* en */ = {isa = PBXFileReference; lastKnownFileType = text.plist.strings; name = en; path = en.lproj/Main.strings; sourceTree = "<group>"; };
		1B157C2822914DF100345E4B /* en */ = {isa = PBXFileReference; lastKnownFileType = text.plist.strings; name = en; path = en.lproj/Localizable.strings; sourceTree = "<group>"; };
		1B157C2A22914E1300345E4B /* vi */ = {isa = PBXFileReference; lastKnownFileType = text.plist.strings; name = vi; path = vi.lproj/Main.strings; sourceTree = "<group>"; };
		1B157C2B22914E1400345E4B /* vi */ = {isa = PBXFileReference; lastKnownFileType = text.plist.strings; name = vi; path = vi.lproj/LaunchScreen.strings; sourceTree = "<group>"; };
		1B157C2C22914E1400345E4B /* vi */ = {isa = PBXFileReference; lastKnownFileType = text.plist.strings; name = vi; path = vi.lproj/Localizable.strings; sourceTree = "<group>"; };
		1B2F6A6521368B3100835C3A /* AlertController.swift */ = {isa = PBXFileReference; lastKnownFileType = sourcecode.swift; path = AlertController.swift; sourceTree = "<group>"; };
		1B3311E32147DFBC00506FE6 /* Average+CoreDataClass.swift */ = {isa = PBXFileReference; lastKnownFileType = sourcecode.swift; path = "Average+CoreDataClass.swift"; sourceTree = "<group>"; };
		1B3311E42147DFBC00506FE6 /* Average+CoreDataProperties.swift */ = {isa = PBXFileReference; lastKnownFileType = sourcecode.swift; path = "Average+CoreDataProperties.swift"; sourceTree = "<group>"; };
		1B50E7BD215627B900C03338 /* CaculateTheSavingMoney.swift */ = {isa = PBXFileReference; fileEncoding = 4; lastKnownFileType = sourcecode.swift; path = CaculateTheSavingMoney.swift; sourceTree = "<group>"; };
		1B50E7BE215627B900C03338 /* PerYearSavingMoney.swift */ = {isa = PBXFileReference; fileEncoding = 4; lastKnownFileType = sourcecode.swift; path = PerYearSavingMoney.swift; sourceTree = "<group>"; };
		1B50E7BF215627B900C03338 /* SavingMoney.swift */ = {isa = PBXFileReference; fileEncoding = 4; lastKnownFileType = sourcecode.swift; path = SavingMoney.swift; sourceTree = "<group>"; };
		1B561B2C213160B8005C4374 /* TotalResultViewController.swift */ = {isa = PBXFileReference; lastKnownFileType = sourcecode.swift; path = TotalResultViewController.swift; sourceTree = "<group>"; };
		1B74A7DE2135313700FC7C40 /* DetailViewController.swift */ = {isa = PBXFileReference; lastKnownFileType = sourcecode.swift; path = DetailViewController.swift; sourceTree = "<group>"; };
		1B74A7E02135371E00FC7C40 /* DetailTableViewCell.swift */ = {isa = PBXFileReference; lastKnownFileType = sourcecode.swift; path = DetailTableViewCell.swift; sourceTree = "<group>"; };
		1B74A7E32135590A00FC7C40 /* SavingMoneyPlanning.xcdatamodel */ = {isa = PBXFileReference; lastKnownFileType = wrapper.xcdatamodel; path = SavingMoneyPlanning.xcdatamodel; sourceTree = "<group>"; };
		1B74A7E921355A7D00FC7C40 /* PersitenceService.swift */ = {isa = PBXFileReference; lastKnownFileType = sourcecode.swift; path = PersitenceService.swift; sourceTree = "<group>"; };
		1BA9560C212FF28300DB2419 /* SavingMoneyPlanning.app */ = {isa = PBXFileReference; explicitFileType = wrapper.application; includeInIndex = 0; path = SavingMoneyPlanning.app; sourceTree = BUILT_PRODUCTS_DIR; };
		1BA9560F212FF28300DB2419 /* AppDelegate.swift */ = {isa = PBXFileReference; lastKnownFileType = sourcecode.swift; path = AppDelegate.swift; sourceTree = "<group>"; };
		1BA95611212FF28300DB2419 /* InputViewController.swift */ = {isa = PBXFileReference; lastKnownFileType = sourcecode.swift; path = InputViewController.swift; sourceTree = "<group>"; };
		1BA95614212FF28300DB2419 /* Base */ = {isa = PBXFileReference; lastKnownFileType = file.storyboard; name = Base; path = Base.lproj/Main.storyboard; sourceTree = "<group>"; };
		1BA95619212FF28400DB2419 /* Assets.xcassets */ = {isa = PBXFileReference; lastKnownFileType = folder.assetcatalog; path = Assets.xcassets; sourceTree = "<group>"; };
		1BA9561C212FF28400DB2419 /* Base */ = {isa = PBXFileReference; lastKnownFileType = file.storyboard; name = Base; path = Base.lproj/LaunchScreen.storyboard; sourceTree = "<group>"; };
		1BA9561E212FF28400DB2419 /* Info.plist */ = {isa = PBXFileReference; lastKnownFileType = text.plist.xml; path = Info.plist; sourceTree = "<group>"; };
		61CDFE4F2540FB6B8D214FA2 /* Pods-SavingMoneyPlanning.release.xcconfig */ = {isa = PBXFileReference; includeInIndex = 1; lastKnownFileType = text.xcconfig; name = "Pods-SavingMoneyPlanning.release.xcconfig"; path = "Pods/Target Support Files/Pods-SavingMoneyPlanning/Pods-SavingMoneyPlanning.release.xcconfig"; sourceTree = "<group>"; };
		A765D7B8652CE9ED0A5ECDE2 /* Pods-SavingMoneyPlanning.debug.xcconfig */ = {isa = PBXFileReference; includeInIndex = 1; lastKnownFileType = text.xcconfig; name = "Pods-SavingMoneyPlanning.debug.xcconfig"; path = "Pods/Target Support Files/Pods-SavingMoneyPlanning/Pods-SavingMoneyPlanning.debug.xcconfig"; sourceTree = "<group>"; };
		BB5F61E195C418F7EE22BF38 /* Pods_SavingMoneyPlanning.framework */ = {isa = PBXFileReference; explicitFileType = wrapper.framework; includeInIndex = 0; path = Pods_SavingMoneyPlanning.framework; sourceTree = BUILT_PRODUCTS_DIR; };
/* End PBXFileReference section */

/* Begin PBXFrameworksBuildPhase section */
		1BA95609212FF28300DB2419 /* Frameworks */ = {
			isa = PBXFrameworksBuildPhase;
			buildActionMask = 2147483647;
			files = (
				C9BA43AAB28112B362A9E7FB /* Pods_SavingMoneyPlanning.framework in Frameworks */,
			);
			runOnlyForDeploymentPostprocessing = 0;
		};
/* End PBXFrameworksBuildPhase section */

/* Begin PBXGroup section */
		10FB66242AC424C3E3D0B240 /* Pods */ = {
			isa = PBXGroup;
			children = (
				A765D7B8652CE9ED0A5ECDE2 /* Pods-SavingMoneyPlanning.debug.xcconfig */,
				61CDFE4F2540FB6B8D214FA2 /* Pods-SavingMoneyPlanning.release.xcconfig */,
			);
			name = Pods;
			sourceTree = "<group>";
		};
		1B2297C52132A923002900B4 /* Model */ = {
			isa = PBXGroup;
			children = (
				1B50E7BD215627B900C03338 /* CaculateTheSavingMoney.swift */,
				1B50E7BE215627B900C03338 /* PerYearSavingMoney.swift */,
				1B50E7BF215627B900C03338 /* SavingMoney.swift */,
			);
			path = Model;
			sourceTree = "<group>";
		};
		1B2297C62132A93C002900B4 /* ViewController */ = {
			isa = PBXGroup;
			children = (
				1BA95611212FF28300DB2419 /* InputViewController.swift */,
				1B561B2C213160B8005C4374 /* TotalResultViewController.swift */,
				1B74A7DE2135313700FC7C40 /* DetailViewController.swift */,
			);
			path = ViewController;
			sourceTree = "<group>";
		};
		1B2297C72132A94F002900B4 /* Supporting Files */ = {
			isa = PBXGroup;
			children = (
				1BA9561B212FF28400DB2419 /* LaunchScreen.storyboard */,
			);
			path = "Supporting Files";
			sourceTree = "<group>";
		};
		1BA95603212FF28300DB2419 = {
			isa = PBXGroup;
			children = (
				1BA9560E212FF28300DB2419 /* SavingMoneyPlanning */,
				1BA9560D212FF28300DB2419 /* Products */,
				10FB66242AC424C3E3D0B240 /* Pods */,
				D3B40B2AA253D39C2700DEA3 /* Frameworks */,
			);
			sourceTree = "<group>";
		};
		1BA9560D212FF28300DB2419 /* Products */ = {
			isa = PBXGroup;
			children = (
				1BA9560C212FF28300DB2419 /* SavingMoneyPlanning.app */,
			);
			name = Products;
			sourceTree = "<group>";
		};
		1BA9560E212FF28300DB2419 /* SavingMoneyPlanning */ = {
			isa = PBXGroup;
			children = (
				1B3311E32147DFBC00506FE6 /* Average+CoreDataClass.swift */,
				1B3311E42147DFBC00506FE6 /* Average+CoreDataProperties.swift */,
				1B74A7E02135371E00FC7C40 /* DetailTableViewCell.swift */,
				1B74A7E921355A7D00FC7C40 /* PersitenceService.swift */,
				1B2F6A6521368B3100835C3A /* AlertController.swift */,
				1B2297C62132A93C002900B4 /* ViewController */,
				1B2297C52132A923002900B4 /* Model */,
				1BA95613212FF28300DB2419 /* Main.storyboard */,
				1B157C2722914DF100345E4B /* Localizable.strings */,
				1BA9561E212FF28400DB2419 /* Info.plist */,
				1BA95619212FF28400DB2419 /* Assets.xcassets */,
				1BA9560F212FF28300DB2419 /* AppDelegate.swift */,
				1B2297C72132A94F002900B4 /* Supporting Files */,
				1B74A7E22135590A00FC7C40 /* SavingMoneyPlanning.xcdatamodeld */,
				188855EE2143FEC8000393EA /* Tools.swift */,
			);
			path = SavingMoneyPlanning;
			sourceTree = "<group>";
		};
		D3B40B2AA253D39C2700DEA3 /* Frameworks */ = {
			isa = PBXGroup;
			children = (
				BB5F61E195C418F7EE22BF38 /* Pods_SavingMoneyPlanning.framework */,
			);
			name = Frameworks;
			sourceTree = "<group>";
		};
/* End PBXGroup section */

/* Begin PBXNativeTarget section */
		1BA9560B212FF28300DB2419 /* SavingMoneyPlanning */ = {
			isa = PBXNativeTarget;
			buildConfigurationList = 1BA95621212FF28400DB2419 /* Build configuration list for PBXNativeTarget "SavingMoneyPlanning" */;
			buildPhases = (
				6C73A951068B89A215991539 /* [CP] Check Pods Manifest.lock */,
				1BA95608212FF28300DB2419 /* Sources */,
				1BA95609212FF28300DB2419 /* Frameworks */,
				1BA9560A212FF28300DB2419 /* Resources */,
				971D62D7F1E2A4126AB0FB64 /* [CP] Embed Pods Frameworks */,
			);
			buildRules = (
			);
			dependencies = (
			);
			name = SavingMoneyPlanning;
			productName = SavingMoneyPlanning;
			productReference = 1BA9560C212FF28300DB2419 /* SavingMoneyPlanning.app */;
			productType = "com.apple.product-type.application";
		};
/* End PBXNativeTarget section */

/* Begin PBXProject section */
		1BA95604212FF28300DB2419 /* Project object */ = {
			isa = PBXProject;
			attributes = {
				LastSwiftUpdateCheck = 0940;
				LastUpgradeCheck = 0940;
				ORGANIZATIONNAME = "Phan Nhat Dang";
				TargetAttributes = {
					1BA9560B212FF28300DB2419 = {
						CreatedOnToolsVersion = 9.4.1;
						LastSwiftMigration = 1010;
					};
				};
			};
			buildConfigurationList = 1BA95607212FF28300DB2419 /* Build configuration list for PBXProject "SavingMoneyPlanning" */;
			compatibilityVersion = "Xcode 9.3";
			developmentRegion = en;
			hasScannedForEncodings = 0;
			knownRegions = (
				en,
				Base,
				vi,
			);
			mainGroup = 1BA95603212FF28300DB2419;
			productRefGroup = 1BA9560D212FF28300DB2419 /* Products */;
			projectDirPath = "";
			projectRoot = "";
			targets = (
				1BA9560B212FF28300DB2419 /* SavingMoneyPlanning */,
			);
		};
/* End PBXProject section */

/* Begin PBXResourcesBuildPhase section */
		1BA9560A212FF28300DB2419 /* Resources */ = {
			isa = PBXResourcesBuildPhase;
			buildActionMask = 2147483647;
			files = (
				1BA9561D212FF28400DB2419 /* LaunchScreen.storyboard in Resources */,
				1B157C2922914DF100345E4B /* Localizable.strings in Resources */,
				1BA9561A212FF28400DB2419 /* Assets.xcassets in Resources */,
				1BA95615212FF28300DB2419 /* Main.storyboard in Resources */,
			);
			runOnlyForDeploymentPostprocessing = 0;
		};
/* End PBXResourcesBuildPhase section */

/* Begin PBXShellScriptBuildPhase section */
		6C73A951068B89A215991539 /* [CP] Check Pods Manifest.lock */ = {
			isa = PBXShellScriptBuildPhase;
			buildActionMask = 2147483647;
			files = (
			);
			inputFileListPaths = (
			);
			inputPaths = (
				"${PODS_PODFILE_DIR_PATH}/Podfile.lock",
				"${PODS_ROOT}/Manifest.lock",
			);
			name = "[CP] Check Pods Manifest.lock";
			outputFileListPaths = (
			);
			outputPaths = (
				"$(DERIVED_FILE_DIR)/Pods-SavingMoneyPlanning-checkManifestLockResult.txt",
			);
			runOnlyForDeploymentPostprocessing = 0;
			shellPath = /bin/sh;
			shellScript = "diff \"${PODS_PODFILE_DIR_PATH}/Podfile.lock\" \"${PODS_ROOT}/Manifest.lock\" > /dev/null\nif [ $? != 0 ] ; then\n    # print error to STDERR\n    echo \"error: The sandbox is not in sync with the Podfile.lock. Run 'pod install' or update your CocoaPods installation.\" >&2\n    exit 1\nfi\n# This output is used by Xcode 'outputs' to avoid re-running this script phase.\necho \"SUCCESS\" > \"${SCRIPT_OUTPUT_FILE_0}\"\n";
			showEnvVarsInLog = 0;
		};
		971D62D7F1E2A4126AB0FB64 /* [CP] Embed Pods Frameworks */ = {
			isa = PBXShellScriptBuildPhase;
			buildActionMask = 2147483647;
			files = (
			);
			inputFileListPaths = (
			);
			inputPaths = (
				"${SRCROOT}/Pods/Target Support Files/Pods-SavingMoneyPlanning/Pods-SavingMoneyPlanning-frameworks.sh",
				"${BUILT_PRODUCTS_DIR}/GoogleUtilities/GoogleUtilities.framework",
				"${BUILT_PRODUCTS_DIR}/nanopb/nanopb.framework",
			);
			name = "[CP] Embed Pods Frameworks";
			outputFileListPaths = (
			);
			outputPaths = (
				"${TARGET_BUILD_DIR}/${FRAMEWORKS_FOLDER_PATH}/GoogleUtilities.framework",
				"${TARGET_BUILD_DIR}/${FRAMEWORKS_FOLDER_PATH}/nanopb.framework",
			);
			runOnlyForDeploymentPostprocessing = 0;
			shellPath = /bin/sh;
			shellScript = "\"${SRCROOT}/Pods/Target Support Files/Pods-SavingMoneyPlanning/Pods-SavingMoneyPlanning-frameworks.sh\"\n";
			showEnvVarsInLog = 0;
		};
/* End PBXShellScriptBuildPhase section */

/* Begin PBXSourcesBuildPhase section */
		1BA95608212FF28300DB2419 /* Sources */ = {
			isa = PBXSourcesBuildPhase;
			buildActionMask = 2147483647;
			files = (
				1B2F6A6621368B3100835C3A /* AlertController.swift in Sources */,
				1B74A7E12135371E00FC7C40 /* DetailTableViewCell.swift in Sources */,
				1B3311E62147DFBC00506FE6 /* Average+CoreDataProperties.swift in Sources */,
				1B3311E52147DFBC00506FE6 /* Average+CoreDataClass.swift in Sources */,
				1B74A7E42135590A00FC7C40 /* SavingMoneyPlanning.xcdatamodeld in Sources */,
				1B561B2D213160B8005C4374 /* TotalResultViewController.swift in Sources */,
				1BA95612212FF28300DB2419 /* InputViewController.swift in Sources */,
				1B50E7C0215627BA00C03338 /* CaculateTheSavingMoney.swift in Sources */,
				1B50E7C2215627BA00C03338 /* SavingMoney.swift in Sources */,
				1B50E7C1215627BA00C03338 /* PerYearSavingMoney.swift in Sources */,
				1B74A7EA21355A7D00FC7C40 /* PersitenceService.swift in Sources */,
				188855EF2143FEC8000393EA /* Tools.swift in Sources */,
				1BA95610212FF28300DB2419 /* AppDelegate.swift in Sources */,
				1B74A7DF2135313700FC7C40 /* DetailViewController.swift in Sources */,
			);
			runOnlyForDeploymentPostprocessing = 0;
		};
/* End PBXSourcesBuildPhase section */

/* Begin PBXVariantGroup section */
		1B157C2722914DF100345E4B /* Localizable.strings */ = {
			isa = PBXVariantGroup;
			children = (
				1B157C2822914DF100345E4B /* en */,
				1B157C2C22914E1400345E4B /* vi */,
			);
			name = Localizable.strings;
			sourceTree = "<group>";
		};
		1BA95613212FF28300DB2419 /* Main.storyboard */ = {
			isa = PBXVariantGroup;
			children = (
				1BA95614212FF28300DB2419 /* Base */,
				1B157C2622914DB500345E4B /* en */,
				1B157C2A22914E1300345E4B /* vi */,
			);
			name = Main.storyboard;
			sourceTree = "<group>";
		};
		1BA9561B212FF28400DB2419 /* LaunchScreen.storyboard */ = {
			isa = PBXVariantGroup;
			children = (
				1BA9561C212FF28400DB2419 /* Base */,
				1B157C2B22914E1400345E4B /* vi */,
			);
			name = LaunchScreen.storyboard;
			sourceTree = "<group>";
		};
/* End PBXVariantGroup section */

/* Begin XCBuildConfiguration section */
		1BA9561F212FF28400DB2419 /* Debug */ = {
			isa = XCBuildConfiguration;
			buildSettings = {
				ALWAYS_SEARCH_USER_PATHS = NO;
				CLANG_ANALYZER_LOCALIZABILITY_NONLOCALIZED = YES;
				CLANG_ANALYZER_NONNULL = YES;
				CLANG_ANALYZER_NUMBER_OBJECT_CONVERSION = YES_AGGRESSIVE;
				CLANG_CXX_LANGUAGE_STANDARD = "gnu++14";
				CLANG_CXX_LIBRARY = "libc++";
				CLANG_ENABLE_MODULES = YES;
				CLANG_ENABLE_OBJC_ARC = YES;
				CLANG_ENABLE_OBJC_WEAK = YES;
				CLANG_WARN_BLOCK_CAPTURE_AUTORELEASING = YES;
				CLANG_WARN_BOOL_CONVERSION = YES;
				CLANG_WARN_COMMA = YES;
				CLANG_WARN_CONSTANT_CONVERSION = YES;
				CLANG_WARN_DEPRECATED_OBJC_IMPLEMENTATIONS = YES;
				CLANG_WARN_DIRECT_OBJC_ISA_USAGE = YES_ERROR;
				CLANG_WARN_DOCUMENTATION_COMMENTS = YES;
				CLANG_WARN_EMPTY_BODY = YES;
				CLANG_WARN_ENUM_CONVERSION = YES;
				CLANG_WARN_INFINITE_RECURSION = YES;
				CLANG_WARN_INT_CONVERSION = YES;
				CLANG_WARN_NON_LITERAL_NULL_CONVERSION = YES;
				CLANG_WARN_OBJC_IMPLICIT_RETAIN_SELF = YES;
				CLANG_WARN_OBJC_LITERAL_CONVERSION = YES;
				CLANG_WARN_OBJC_ROOT_CLASS = YES_ERROR;
				CLANG_WARN_RANGE_LOOP_ANALYSIS = YES;
				CLANG_WARN_STRICT_PROTOTYPES = YES;
				CLANG_WARN_SUSPICIOUS_MOVE = YES;
				CLANG_WARN_UNGUARDED_AVAILABILITY = YES_AGGRESSIVE;
				CLANG_WARN_UNREACHABLE_CODE = YES;
				CLANG_WARN__DUPLICATE_METHOD_MATCH = YES;
				CODE_SIGN_IDENTITY = "iPhone Developer";
				COPY_PHASE_STRIP = NO;
				DEBUG_INFORMATION_FORMAT = dwarf;
				ENABLE_STRICT_OBJC_MSGSEND = YES;
				ENABLE_TESTABILITY = YES;
				GCC_C_LANGUAGE_STANDARD = gnu11;
				GCC_DYNAMIC_NO_PIC = NO;
				GCC_NO_COMMON_BLOCKS = YES;
				GCC_OPTIMIZATION_LEVEL = 0;
				GCC_PREPROCESSOR_DEFINITIONS = (
					"DEBUG=1",
					"$(inherited)",
				);
				GCC_WARN_64_TO_32_BIT_CONVERSION = YES;
				GCC_WARN_ABOUT_RETURN_TYPE = YES_ERROR;
				GCC_WARN_UNDECLARED_SELECTOR = YES;
				GCC_WARN_UNINITIALIZED_AUTOS = YES_AGGRESSIVE;
				GCC_WARN_UNUSED_FUNCTION = YES;
				GCC_WARN_UNUSED_VARIABLE = YES;
				IPHONEOS_DEPLOYMENT_TARGET = 11.4;
				MTL_ENABLE_DEBUG_INFO = YES;
				ONLY_ACTIVE_ARCH = YES;
				SDKROOT = iphoneos;
				SWIFT_ACTIVE_COMPILATION_CONDITIONS = DEBUG;
				SWIFT_OPTIMIZATION_LEVEL = "-Onone";
			};
			name = Debug;
		};
		1BA95620212FF28400DB2419 /* Release */ = {
			isa = XCBuildConfiguration;
			buildSettings = {
				ALWAYS_SEARCH_USER_PATHS = NO;
				CLANG_ANALYZER_LOCALIZABILITY_NONLOCALIZED = YES;
				CLANG_ANALYZER_NONNULL = YES;
				CLANG_ANALYZER_NUMBER_OBJECT_CONVERSION = YES_AGGRESSIVE;
				CLANG_CXX_LANGUAGE_STANDARD = "gnu++14";
				CLANG_CXX_LIBRARY = "libc++";
				CLANG_ENABLE_MODULES = YES;
				CLANG_ENABLE_OBJC_ARC = YES;
				CLANG_ENABLE_OBJC_WEAK = YES;
				CLANG_WARN_BLOCK_CAPTURE_AUTORELEASING = YES;
				CLANG_WARN_BOOL_CONVERSION = YES;
				CLANG_WARN_COMMA = YES;
				CLANG_WARN_CONSTANT_CONVERSION = YES;
				CLANG_WARN_DEPRECATED_OBJC_IMPLEMENTATIONS = YES;
				CLANG_WARN_DIRECT_OBJC_ISA_USAGE = YES_ERROR;
				CLANG_WARN_DOCUMENTATION_COMMENTS = YES;
				CLANG_WARN_EMPTY_BODY = YES;
				CLANG_WARN_ENUM_CONVERSION = YES;
				CLANG_WARN_INFINITE_RECURSION = YES;
				CLANG_WARN_INT_CONVERSION = YES;
				CLANG_WARN_NON_LITERAL_NULL_CONVERSION = YES;
				CLANG_WARN_OBJC_IMPLICIT_RETAIN_SELF = YES;
				CLANG_WARN_OBJC_LITERAL_CONVERSION = YES;
				CLANG_WARN_OBJC_ROOT_CLASS = YES_ERROR;
				CLANG_WARN_RANGE_LOOP_ANALYSIS = YES;
				CLANG_WARN_STRICT_PROTOTYPES = YES;
				CLANG_WARN_SUSPICIOUS_MOVE = YES;
				CLANG_WARN_UNGUARDED_AVAILABILITY = YES_AGGRESSIVE;
				CLANG_WARN_UNREACHABLE_CODE = YES;
				CLANG_WARN__DUPLICATE_METHOD_MATCH = YES;
				CODE_SIGN_IDENTITY = "iPhone Developer";
				COPY_PHASE_STRIP = NO;
				DEBUG_INFORMATION_FORMAT = "dwarf-with-dsym";
				ENABLE_NS_ASSERTIONS = NO;
				ENABLE_STRICT_OBJC_MSGSEND = YES;
				GCC_C_LANGUAGE_STANDARD = gnu11;
				GCC_NO_COMMON_BLOCKS = YES;
				GCC_WARN_64_TO_32_BIT_CONVERSION = YES;
				GCC_WARN_ABOUT_RETURN_TYPE = YES_ERROR;
				GCC_WARN_UNDECLARED_SELECTOR = YES;
				GCC_WARN_UNINITIALIZED_AUTOS = YES_AGGRESSIVE;
				GCC_WARN_UNUSED_FUNCTION = YES;
				GCC_WARN_UNUSED_VARIABLE = YES;
				IPHONEOS_DEPLOYMENT_TARGET = 11.4;
				MTL_ENABLE_DEBUG_INFO = NO;
				SDKROOT = iphoneos;
				SWIFT_COMPILATION_MODE = wholemodule;
				SWIFT_OPTIMIZATION_LEVEL = "-O";
				VALIDATE_PRODUCT = YES;
			};
			name = Release;
		};
		1BA95622212FF28400DB2419 /* Debug */ = {
			isa = XCBuildConfiguration;
			baseConfigurationReference = A765D7B8652CE9ED0A5ECDE2 /* Pods-SavingMoneyPlanning.debug.xcconfig */;
			buildSettings = {
				ASSETCATALOG_COMPILER_APPICON_NAME = AppIcon;
				CODE_SIGN_STYLE = Automatic;
				DEVELOPMENT_TEAM = 3Y33U42327;
				INFOPLIST_FILE = SavingMoneyPlanning/Info.plist;
				IPHONEOS_DEPLOYMENT_TARGET = 10.0;
				LD_RUNPATH_SEARCH_PATHS = (
					"$(inherited)",
					"@executable_path/Frameworks",
				);
				PRODUCT_BUNDLE_IDENTIFIER = "Dang-Phan.SavingMoneyPlanning";
				PRODUCT_NAME = "$(TARGET_NAME)";
				SWIFT_VERSION = 4.2;
				TARGETED_DEVICE_FAMILY = "1,2";
			};
			name = Debug;
		};
		1BA95623212FF28400DB2419 /* Release */ = {
			isa = XCBuildConfiguration;
			baseConfigurationReference = 61CDFE4F2540FB6B8D214FA2 /* Pods-SavingMoneyPlanning.release.xcconfig */;
			buildSettings = {
				ASSETCATALOG_COMPILER_APPICON_NAME = AppIcon;
				CODE_SIGN_STYLE = Automatic;
				DEVELOPMENT_TEAM = 3Y33U42327;
				INFOPLIST_FILE = SavingMoneyPlanning/Info.plist;
				IPHONEOS_DEPLOYMENT_TARGET = 10.0;
				LD_RUNPATH_SEARCH_PATHS = (
					"$(inherited)",
					"@executable_path/Frameworks",
				);
				PRODUCT_BUNDLE_IDENTIFIER = "Dang-Phan.SavingMoneyPlanning";
				PRODUCT_NAME = "$(TARGET_NAME)";
				SWIFT_VERSION = 4.2;
				TARGETED_DEVICE_FAMILY = "1,2";
			};
			name = Release;
		};
/* End XCBuildConfiguration section */

/* Begin XCConfigurationList section */
		1BA95607212FF28300DB2419 /* Build configuration list for PBXProject "SavingMoneyPlanning" */ = {
			isa = XCConfigurationList;
			buildConfigurations = (
				1BA9561F212FF28400DB2419 /* Debug */,
				1BA95620212FF28400DB2419 /* Release */,
			);
			defaultConfigurationIsVisible = 0;
			defaultConfigurationName = Release;
		};
		1BA95621212FF28400DB2419 /* Build configuration list for PBXNativeTarget "SavingMoneyPlanning" */ = {
			isa = XCConfigurationList;
			buildConfigurations = (
				1BA95622212FF28400DB2419 /* Debug */,
				1BA95623212FF28400DB2419 /* Release */,
			);
			defaultConfigurationIsVisible = 0;
			defaultConfigurationName = Release;
		};
/* End XCConfigurationList section */

/* Begin XCVersionGroup section */
		1B74A7E22135590A00FC7C40 /* SavingMoneyPlanning.xcdatamodeld */ = {
			isa = XCVersionGroup;
			children = (
				1B74A7E32135590A00FC7C40 /* SavingMoneyPlanning.xcdatamodel */,
			);
			currentVersion = 1B74A7E32135590A00FC7C40 /* SavingMoneyPlanning.xcdatamodel */;
			path = SavingMoneyPlanning.xcdatamodeld;
			sourceTree = "<group>";
			versionGroupType = wrapper.xcdatamodel;
		};
/* End XCVersionGroup section */
	};
	rootObject = 1BA95604212FF28300DB2419 /* Project object */;
}
